Microsoft Visual Studio Solution File, Format Version 12.00
# Visual Studio Version 17
VisualStudioVersion = 17.14.36414.22
MinimumVisualStudioVersion = 16.0.0.0
Project("{9A19103F-16F7-4668-BE54-9A1E7A4F7556}") = "Inventory.Server", "Server\Inventory.Server.csproj", "{C3230125-C603-4C26-98DA-EA196EED6DBF}"
EndProject
Project("{9A19103F-16F7-4668-BE54-9A1E7A4F7556}") = "Inventory.Client", "Client\Inventory.Client.csproj", "{AFBBC3A2-99A8-43CF-A408-2FB8F80AED48}"
EndProject
Project("{9A19103F-16F7-4668-BE54-9A1E7A4F7556}") = "Inventory.Shared", "Shared\Inventory.Shared.csproj", "{EEA29DCE-04A0-40AC-B02E-F91BDDE22E28}"
EndProject
Global
	GlobalSection(SolutionConfigurationPlatforms) = preSolution
		Debug|Any CPU = Debug|Any CPU
		Debug|x64 = Debug|x64
		Debug|x86 = Debug|x86
		Release|Any CPU = Release|Any CPU
		Release|x64 = Release|x64
		Release|x86 = Release|x86
	EndGlobalSection
	GlobalSection(ProjectConfigurationPlatforms) = postSolution
		{C3230125-C603-4C26-98DA-EA196EED6DBF}.Debug|Any CPU.ActiveCfg = Debug|Any CPU
		{C3230125-C603-4C26-98DA-EA196EED6DBF}.Debug|Any CPU.Build.0 = Debug|Any CPU
		{C3230125-C603-4C26-98DA-EA196EED6DBF}.Debug|x64.ActiveCfg = Debug|Any CPU
		{C3230125-C603-4C26-98DA-EA196EED6DBF}.Debug|x64.Build.0 = Debug|Any CPU
		{C3230125-C603-4C26-98DA-EA196EED6DBF}.Debug|x86.ActiveCfg = Debug|Any CPU
		{C3230125-C603-4C26-98DA-EA196EED6DBF}.Debug|x86.Build.0 = Debug|Any CPU
		{C3230125-C603-4C26-98DA-EA196EED6DBF}.Release|Any CPU.ActiveCfg = Release|Any CPU
		{C3230125-C603-4C26-98DA-EA196EED6DBF}.Release|Any CPU.Build.0 = Release|Any CPU
		{C3230125-C603-4C26-98DA-EA196EED6DBF}.Release|x64.ActiveCfg = Release|Any CPU
		{C3230125-C603-4C26-98DA-EA196EED6DBF}.Release|x64.Build.0 = Release|Any CPU
		{C3230125-C603-4C26-98DA-EA196EED6DBF}.Release|x86.ActiveCfg = Release|Any CPU
		{C3230125-C603-4C26-98DA-EA196EED6DBF}.Release|x86.Build.0 = Release|Any CPU
		{AFBBC3A2-99A8-43CF-A408-2FB8F80AED48}.Debug|Any CPU.ActiveCfg = Debug|Any CPU
		{AFBBC3A2-99A8-43CF-A408-2FB8F80AED48}.Debug|Any CPU.Build.0 = Debug|Any CPU
		{AFBBC3A2-99A8-43CF-A408-2FB8F80AED48}.Debug|x64.ActiveCfg = Debug|Any CPU
		{AFBBC3A2-99A8-43CF-A408-2FB8F80AED48}.Debug|x64.Build.0 = Debug|Any CPU
		{AFBBC3A2-99A8-43CF-A408-2FB8F80AED48}.Debug|x86.ActiveCfg = Debug|Any CPU
		{AFBBC3A2-99A8-43CF-A408-2FB8F80AED48}.Debug|x86.Build.0 = Debug|Any CPU
		{AFBBC3A2-99A8-43CF-A408-2FB8F80AED48}.Release|Any CPU.ActiveCfg = Release|Any CPU
		{AFBBC3A2-99A8-43CF-A408-2FB8F80AED48}.Release|Any CPU.Build.0 = Release|Any CPU
		{AFBBC3A2-99A8-43CF-A408-2FB8F80AED48}.Release|x64.ActiveCfg = Release|Any CPU
		{AFBBC3A2-99A8-43CF-A408-2FB8F80AED48}.Release|x64.Build.0 = Release|Any CPU
		{AFBBC3A2-99A8-43CF-A408-2FB8F80AED48}.Release|x86.ActiveCfg = Release|Any CPU
		{AFBBC3A2-99A8-43CF-A408-2FB8F80AED48}.Release|x86.Build.0 = Release|Any CPU
		{EEA29DCE-04A0-40AC-B02E-F91BDDE22E28}.Debug|Any CPU.ActiveCfg = Debug|Any CPU
		{EEA29DCE-04A0-40AC-B02E-F91BDDE22E28}.Debug|Any CPU.Build.0 = Debug|Any CPU
		{EEA29DCE-04A0-40AC-B02E-F91BDDE22E28}.Debug|x64.ActiveCfg = Debug|Any CPU
		{EEA29DCE-04A0-40AC-B02E-F91BDDE22E28}.Debug|x64.Build.0 = Debug|Any CPU
		{EEA29DCE-04A0-40AC-B02E-F91BDDE22E28}.Debug|x86.ActiveCfg = Debug|Any CPU
		{EEA29DCE-04A0-40AC-B02E-F91BDDE22E28}.Debug|x86.Build.0 = Debug|Any CPU
		{EEA29DCE-04A0-40AC-B02E-F91BDDE22E28}.Release|Any CPU.ActiveCfg = Release|Any CPU
		{EEA29DCE-04A0-40AC-B02E-F91BDDE22E28}.Release|Any CPU.Build.0 = Release|Any CPU
		{EEA29DCE-04A0-40AC-B02E-F91BDDE22E28}.Release|x64.ActiveCfg = Release|Any CPU
		{EEA29DCE-04A0-40AC-B02E-F91BDDE22E28}.Release|x64.Build.0 = Release|Any CPU
		{EEA29DCE-04A0-40AC-B02E-F91BDDE22E28}.Release|x86.ActiveCfg = Release|Any CPU
		{EEA29DCE-04A0-40AC-B02E-F91BDDE22E28}.Release|x86.Build.0 = Release|Any CPU
	EndGlobalSection
	GlobalSection(SolutionProperties) = preSolution
		HideSolutionNode = FALSE
	EndGlobalSection
	GlobalSection(ExtensibilityGlobals) = postSolution
		SolutionGuid = {D827829C-B7D7-41DB-83AE-AACDB1D7FE82}
	EndGlobalSection
EndGlobal
